
Microsoft Visual Studio Solution File, Format Version 12.00
# Visual Studio Version 16
VisualStudioVersion = 16.0.30907.101
MinimumVisualStudioVersion = 10.0.40219.1
Project("{FAE04EC0-301F-11D3-BF4B-00C04F79EFBC}") = "Em.WindowsForms", "ProjetoFinal\Em.WindowsForms.csproj", "{369D6989-DDF1-4929-80A3-427D67BF5F1C}"
EndProject
Project("{FAE04EC0-301F-11D3-BF4B-00C04F79EFBC}") = "EM.Domain", "EM.Domain\EM.Domain.csproj", "{8EC3D51D-BF44-4034-BDB5-946F64E3AB8D}"
EndProject
Project("{FAE04EC0-301F-11D3-BF4B-00C04F79EFBC}") = "EM.Repository", "EM.Repository\EM.Repository.csproj", "{C26C40F6-910E-4D04-80CA-1F9094408DC8}"
EndProject
Project("{9A19103F-16F7-4668-BE54-9A1E7A4F7556}") = "EM.Domain.Testes", "EM.Domain.Testes\EM.Domain.Testes.csproj", "{DD02F08E-3F47-4C91-A2BE-A2DF225BD9E7}"
EndProject
Project("{9A19103F-16F7-4668-BE54-9A1E7A4F7556}") = "EM.Repository.Tests", "EM.Repository.Tests\EM.Repository.Tests.csproj", "{C3CF95D1-5C2F-4857-935C-144D92F9EF22}"
EndProject
Global
	GlobalSection(SolutionConfigurationPlatforms) = preSolution
		Debug|Any CPU = Debug|Any CPU
		Release|Any CPU = Release|Any CPU
	EndGlobalSection
	GlobalSection(ProjectConfigurationPlatforms) = postSolution
		{369D6989-DDF1-4929-80A3-427D67BF5F1C}.Debug|Any CPU.ActiveCfg = Debug|Any CPU
		{369D6989-DDF1-4929-80A3-427D67BF5F1C}.Debug|Any CPU.Build.0 = Debug|Any CPU
		{369D6989-DDF1-4929-80A3-427D67BF5F1C}.Release|Any CPU.ActiveCfg = Release|Any CPU
		{369D6989-DDF1-4929-80A3-427D67BF5F1C}.Release|Any CPU.Build.0 = Release|Any CPU
		{8EC3D51D-BF44-4034-BDB5-946F64E3AB8D}.Debug|Any CPU.ActiveCfg = Debug|Any CPU
		{8EC3D51D-BF44-4034-BDB5-946F64E3AB8D}.Debug|Any CPU.Build.0 = Debug|Any CPU
		{8EC3D51D-BF44-4034-BDB5-946F64E3AB8D}.Release|Any CPU.ActiveCfg = Release|Any CPU
		{8EC3D51D-BF44-4034-BDB5-946F64E3AB8D}.Release|Any CPU.Build.0 = Release|Any CPU
		{C26C40F6-910E-4D04-80CA-1F9094408DC8}.Debug|Any CPU.ActiveCfg = Debug|Any CPU
		{C26C40F6-910E-4D04-80CA-1F9094408DC8}.Debug|Any CPU.Build.0 = Debug|Any CPU
		{C26C40F6-910E-4D04-80CA-1F9094408DC8}.Release|Any CPU.ActiveCfg = Release|Any CPU
		{C26C40F6-910E-4D04-80CA-1F9094408DC8}.Release|Any CPU.Build.0 = Release|Any CPU
		{DD02F08E-3F47-4C91-A2BE-A2DF225BD9E7}.Debug|Any CPU.ActiveCfg = Debug|Any CPU
		{DD02F08E-3F47-4C91-A2BE-A2DF225BD9E7}.Debug|Any CPU.Build.0 = Debug|Any CPU
		{DD02F08E-3F47-4C91-A2BE-A2DF225BD9E7}.Release|Any CPU.ActiveCfg = Release|Any CPU
		{DD02F08E-3F47-4C91-A2BE-A2DF225BD9E7}.Release|Any CPU.Build.0 = Release|Any CPU
		{C3CF95D1-5C2F-4857-935C-144D92F9EF22}.Debug|Any CPU.ActiveCfg = Debug|Any CPU
		{C3CF95D1-5C2F-4857-935C-144D92F9EF22}.Debug|Any CPU.Build.0 = Debug|Any CPU
		{C3CF95D1-5C2F-4857-935C-144D92F9EF22}.Release|Any CPU.ActiveCfg = Release|Any CPU
		{C3CF95D1-5C2F-4857-935C-144D92F9EF22}.Release|Any CPU.Build.0 = Release|Any CPU
	EndGlobalSection
	GlobalSection(SolutionProperties) = preSolution
		HideSolutionNode = FALSE
	EndGlobalSection
	GlobalSection(ExtensibilityGlobals) = postSolution
		SolutionGuid = {06F606BC-71F1-4FCF-B7D7-DB7DF975F40C}
	EndGlobalSection
EndGlobal
